{
  "name": "appwrite-functions",
  "version": "1.0.0",
  "lockfileVersion": 3,
  "requires": true,
  "packages": {
    "": {
      "name": "appwrite-functions",
      "version": "1.0.0",
      "license": "ISC",
      "dependencies": {
        "appwrite": "^17.0.0",
        "appwrite-functions": "file:",
        "dotenv": "^16.4.7",
        "node-appwrite": "^15.0.0",
        "nodemailer": "^6.10.0"
      }
    },
    "node_modules/appwrite": {
      "version": "17.0.0",
      "resolved": "https://registry.npmjs.org/appwrite/-/appwrite-17.0.0.tgz",
      "integrity": "sha512-R5+jMh6dVsKC5BdcO9G3wQPxqlU048zxj/Hahq2SU86XIxb0jWThQqS7MtyLUg7tz27SrwO2JvpwUrT9SOStDA==",
      "license": "BSD-3-Clause"
    },
    "node_modules/appwrite-functions": {
      "resolved": "",
      "link": true
    },
    "node_modules/dotenv": {
      "version": "16.4.7",
      "resolved": "https://registry.npmjs.org/dotenv/-/dotenv-16.4.7.tgz",
      "integrity": "sha512-47qPchRCykZC03FhkYAhrvwU4xDBFIj1QPqaarj6mdM/hgUzfPHcpkHJOn3mJAufFeeAxAzeGsr5X0M4k6fLZQ==",
      "license": "BSD-2-Clause",
      "engines": {
        "node": ">=12"
      },
      "funding": {
        "url": "https://dotenvx.com"
      }
    },
    "node_modules/node-appwrite": {
      "version": "15.0.0",
      "resolved": "https://registry.npmjs.org/node-appwrite/-/node-appwrite-15.0.0.tgz",
      "integrity": "sha512-ysyFGKnT/vSJHNSfikg/RaOXghv8rdHNUznVMENm7AS7yf9h/vsF8fyDynt+Uplud0hIWCQdenqZdpxEjGe46g==",
      "license": "BSD-3-Clause",
      "dependencies": {
        "node-fetch-native-with-agent": "1.7.2"
      }
    },
    "node_modules/node-fetch-native-with-agent": {
      "version": "1.7.2",
      "resolved": "https://registry.npmjs.org/node-fetch-native-with-agent/-/node-fetch-native-with-agent-1.7.2.tgz",
      "integrity": "sha512-5MaOOCuJEvcckoz7/tjdx1M6OusOY6Xc5f459IaruGStWnKzlI1qpNgaAwmn4LmFYcsSlj+jBMk84wmmRxfk5g==",
      "license": "MIT"
    },
    "node_modules/nodemailer": {
      "version": "6.10.0",
      "resolved": "https://registry.npmjs.org/nodemailer/-/nodemailer-6.10.0.tgz",
      "integrity": "sha512-SQ3wZCExjeSatLE/HBaXS5vqUOQk6GtBdIIKxiFdmm01mOQZX/POJkO3SUX1wDiYcwUOJwT23scFSC9fY2H8IA==",
      "license": "MIT-0",
      "engines": {
        "node": ">=6.0.0"
      }
    }
  }
}
